
Microsoft Visual Studio Solution File, Format Version 12.00
# Visual Studio Version 16
VisualStudioVersion = 16.0.30804.86
MinimumVisualStudioVersion = 10.0.40219.1
Project("{FAE04EC0-301F-11D3-BF4B-00C04F79EFBC}") = "BusinessCentralTNTConnector", "BusinessCentralTNTConnector.csproj", "{8897C7C7-C40C-4FB8-A1CB-EED7E84B5ABF}"
EndProject
Global
	GlobalSection(SolutionConfigurationPlatforms) = preSolution
		Debug|Any CPU = Debug|Any CPU
		Release|Any CPU = Release|Any CPU
	EndGlobalSection
	GlobalSection(ProjectConfigurationPlatforms) = postSolution
		{8897C7C7-C40C-4FB8-A1CB-EED7E84B5ABF}.Debug|Any CPU.ActiveCfg = Debug|Any CPU
		{8897C7C7-C40C-4FB8-A1CB-EED7E84B5ABF}.Debug|Any CPU.Build.0 = Debug|Any CPU
		{8897C7C7-C40C-4FB8-A1CB-EED7E84B5ABF}.Release|Any CPU.ActiveCfg = Release|Any CPU
		{8897C7C7-C40C-4FB8-A1CB-EED7E84B5ABF}.Release|Any CPU.Build.0 = Release|Any CPU
	EndGlobalSection
	GlobalSection(SolutionProperties) = preSolution
		HideSolutionNode = FALSE
	EndGlobalSection
	GlobalSection(ExtensibilityGlobals) = postSolution
		SolutionGuid = {E1193799-51FF-48EC-B93D-575D5E2AAD68}
	EndGlobalSection
EndGlobal
